{
  "name": "@akhetopnu/array",
  "version": "0.0.2",
  "lockfileVersion": 1,
  "requires": true,
  "dependencies": {
    "@akhetopnu/bool": {
      "version": "0.0.1",
      "resolved": "https://registry.npmjs.org/@akhetopnu/bool/-/bool-0.0.1.tgz",
      "integrity": "sha512-ct2tG7mIk30uEV0FRQ8hNj/ePndvpcUpOyGZDwm0gICCZ6qtK7y4Cxiv0D0G10za4Q2Q4j4GqPb1bFzADGefdg==",
      "dev": true
    }
  }
}
